
Microsoft Visual Studio Solution File, Format Version 11.00
# Visual Studio 2010
Project("{FAE04EC0-301F-11D3-BF4B-00C04F79EFBC}") = "Core", "Core\Core.csproj", "{C6F906BC-DDC8-448F-9331-4597746CC32F}"
EndProject
Project("{FAE04EC0-301F-11D3-BF4B-00C04F79EFBC}") = "Bluetooth", "Bluetooth\Bluetooth.csproj", "{576DA24D-7155-41A7-95B7-6D15FF401CC2}"
EndProject
Project("{FAE04EC0-301F-11D3-BF4B-00C04F79EFBC}") = "HeartRateMonitor", "HeartRateMonitor\HeartRateMonitor.csproj", "{8C1C54E4-991C-4289-BF20-645576F720F7}"
EndProject
Project("{FAE04EC0-301F-11D3-BF4B-00C04F79EFBC}") = "Infrastructure", "Infrastructure\Infrastructure.csproj", "{FFFF5D19-6DC2-4CB4-885F-D0D00AD45A15}"
EndProject
Global
	GlobalSection(SolutionConfigurationPlatforms) = preSolution
		Debug|Any CPU = Debug|Any CPU
		Release|Any CPU = Release|Any CPU
	EndGlobalSection
	GlobalSection(ProjectConfigurationPlatforms) = postSolution
		{C6F906BC-DDC8-448F-9331-4597746CC32F}.Debug|Any CPU.ActiveCfg = Debug|Any CPU
		{C6F906BC-DDC8-448F-9331-4597746CC32F}.Debug|Any CPU.Build.0 = Debug|Any CPU
		{C6F906BC-DDC8-448F-9331-4597746CC32F}.Release|Any CPU.ActiveCfg = Release|Any CPU
		{C6F906BC-DDC8-448F-9331-4597746CC32F}.Release|Any CPU.Build.0 = Release|Any CPU
		{576DA24D-7155-41A7-95B7-6D15FF401CC2}.Debug|Any CPU.ActiveCfg = Debug|Any CPU
		{576DA24D-7155-41A7-95B7-6D15FF401CC2}.Debug|Any CPU.Build.0 = Debug|Any CPU
		{576DA24D-7155-41A7-95B7-6D15FF401CC2}.Release|Any CPU.ActiveCfg = Release|Any CPU
		{576DA24D-7155-41A7-95B7-6D15FF401CC2}.Release|Any CPU.Build.0 = Release|Any CPU
		{8C1C54E4-991C-4289-BF20-645576F720F7}.Debug|Any CPU.ActiveCfg = Debug|Any CPU
		{8C1C54E4-991C-4289-BF20-645576F720F7}.Debug|Any CPU.Build.0 = Debug|Any CPU
		{8C1C54E4-991C-4289-BF20-645576F720F7}.Release|Any CPU.ActiveCfg = Release|Any CPU
		{8C1C54E4-991C-4289-BF20-645576F720F7}.Release|Any CPU.Build.0 = Release|Any CPU
		{FFFF5D19-6DC2-4CB4-885F-D0D00AD45A15}.Debug|Any CPU.ActiveCfg = Debug|Any CPU
		{FFFF5D19-6DC2-4CB4-885F-D0D00AD45A15}.Debug|Any CPU.Build.0 = Debug|Any CPU
		{FFFF5D19-6DC2-4CB4-885F-D0D00AD45A15}.Release|Any CPU.ActiveCfg = Release|Any CPU
		{FFFF5D19-6DC2-4CB4-885F-D0D00AD45A15}.Release|Any CPU.Build.0 = Release|Any CPU
	EndGlobalSection
	GlobalSection(SolutionProperties) = preSolution
		HideSolutionNode = FALSE
	EndGlobalSection
EndGlobal
